
Microsoft Visual Studio Solution File, Format Version 12.00
# Visual Studio Version 17
VisualStudioVersion = 17.8.34322.80
MinimumVisualStudioVersion = 10.0.40219.1
Project("{FAE04EC0-301F-11D3-BF4B-00C04F79EFBC}") = "MazeWinForm", "MazeWinForm.csproj", "{81DC4EA2-0572-489C-B215-E9EABD8091BA}"
EndProject
Global
	GlobalSection(SolutionConfigurationPlatforms) = preSolution
		Debug|Any CPU = Debug|Any CPU
		Release|Any CPU = Release|Any CPU
	EndGlobalSection
	GlobalSection(ProjectConfigurationPlatforms) = postSolution
		{81DC4EA2-0572-489C-B215-E9EABD8091BA}.Debug|Any CPU.ActiveCfg = Debug|Any CPU
		{81DC4EA2-0572-489C-B215-E9EABD8091BA}.Debug|Any CPU.Build.0 = Debug|Any CPU
		{81DC4EA2-0572-489C-B215-E9EABD8091BA}.Release|Any CPU.ActiveCfg = Release|Any CPU
		{81DC4EA2-0572-489C-B215-E9EABD8091BA}.Release|Any CPU.Build.0 = Release|Any CPU
	EndGlobalSection
	GlobalSection(SolutionProperties) = preSolution
		HideSolutionNode = FALSE
	EndGlobalSection
	GlobalSection(ExtensibilityGlobals) = postSolution
		SolutionGuid = {8E98B781-519E-44B7-A850-5CCE66DCCA71}
	EndGlobalSection
EndGlobal
